// !$*UTF8*$!
{
	archiveVersion = 1;
	classes = {
	};
	objectVersion = 48;
	objects = {

/* Begin PBXBuildFile section */
		11063F621EC0EECC0033EE6D /* AppDelegate.swift in Sources */ = {isa = PBXBuildFile; fileRef = 11063F611EC0EECC0033EE6D /* AppDelegate.swift */; };
		11063F641EC0EECC0033EE6D /* ImageClassificationViewController.swift in Sources */ = {isa = PBXBuildFile; fileRef = 11063F631EC0EECC0033EE6D /* ImageClassificationViewController.swift */; };
		11063F671EC0EECC0033EE6D /* Main.storyboard in Resources */ = {isa = PBXBuildFile; fileRef = 11063F651EC0EECC0033EE6D /* Main.storyboard */; };
		11063F691EC0EECC0033EE6D /* Assets.xcassets in Resources */ = {isa = PBXBuildFile; fileRef = 11063F681EC0EECC0033EE6D /* Assets.xcassets */; };
		11063F741EC0F5270033EE6D /* CGImagePropertyOrientation+UIImageOrientation.swift in Sources */ = {isa = PBXBuildFile; fileRef = 11063F731EC0F5270033EE6D /* CGImagePropertyOrientation+UIImageOrientation.swift */; };
		113695D81EC1151400CA6C43 /* LaunchScreen.storyboard in Resources */ = {isa = PBXBuildFile; fileRef = 113695D61EC1151400CA6C43 /* LaunchScreen.storyboard */; };
		3B889291245CB92C006C2D1D /* NutritionViewController.swift in Sources */ = {isa = PBXBuildFile; fileRef = 3B889290245CB92C006C2D1D /* NutritionViewController.swift */; };
		3B889293245CB941006C2D1D /* NutritionCell.swift in Sources */ = {isa = PBXBuildFile; fileRef = 3B889292245CB941006C2D1D /* NutritionCell.swift */; };
		3B889295245CB954006C2D1D /* CookViewController.swift in Sources */ = {isa = PBXBuildFile; fileRef = 3B889294245CB954006C2D1D /* CookViewController.swift */; };
		3B889297245CB965006C2D1D /* CookCell.swift in Sources */ = {isa = PBXBuildFile; fileRef = 3B889296245CB965006C2D1D /* CookCell.swift */; };
		3B8DA939245C98EE00AA9E6B /* IngredientsTableViewController.swift in Sources */ = {isa = PBXBuildFile; fileRef = 3B8DA938245C98EE00AA9E6B /* IngredientsTableViewController.swift */; };
		3B8DA93B245C9B5C00AA9E6B /* IngredientsCell.swift in Sources */ = {isa = PBXBuildFile; fileRef = 3B8DA93A245C9B5C00AA9E6B /* IngredientsCell.swift */; };
		3B922ABF245AA28200698495 /* SignUpViewController.swift in Sources */ = {isa = PBXBuildFile; fileRef = 3B922ABE245AA28200698495 /* SignUpViewController.swift */; };
		3B922AC1245AA29700698495 /* LoginViewController.swift in Sources */ = {isa = PBXBuildFile; fileRef = 3B922AC0245AA29700698495 /* LoginViewController.swift */; };
		3B922AC3245AA6E100698495 /* MealGridViewController.swift in Sources */ = {isa = PBXBuildFile; fileRef = 3B922AC2245AA6E100698495 /* MealGridViewController.swift */; };
		3B922AC5245AA96D00698495 /* MealViewCell.swift in Sources */ = {isa = PBXBuildFile; fileRef = 3B922AC4245AA96D00698495 /* MealViewCell.swift */; };
		3E39FB68FA7CEAF149263F33 /* Pods_Vision_ML_Example.framework in Frameworks */ = {isa = PBXBuildFile; fileRef = A67A4EB000C01BD7153F8276 /* Pods_Vision_ML_Example.framework */; };
		C89947DA1F4639D6005C0A19 /* MobileNet.mlmodel in Sources */ = {isa = PBXBuildFile; fileRef = C89947D91F4639A8005C0A19 /* MobileNet.mlmodel */; };
/* End PBXBuildFile section */

/* Begin PBXFileReference section */
		10D674F5D695B4AC58A5150F /* Pods-Vision+ML Example.release.xcconfig */ = {isa = PBXFileReference; includeInIndex = 1; lastKnownFileType = text.xcconfig; name = "Pods-Vision+ML Example.release.xcconfig"; path = "Target Support Files/Pods-Vision+ML Example/Pods-Vision+ML Example.release.xcconfig"; sourceTree = "<group>"; };
		11063F5E1EC0EECC0033EE6D /* Vision+ML Example.app */ = {isa = PBXFileReference; explicitFileType = wrapper.application; includeInIndex = 0; path = "Vision+ML Example.app"; sourceTree = BUILT_PRODUCTS_DIR; };
		11063F611EC0EECC0033EE6D /* AppDelegate.swift */ = {isa = PBXFileReference; lastKnownFileType = sourcecode.swift; path = AppDelegate.swift; sourceTree = "<group>"; };
		11063F631EC0EECC0033EE6D /* ImageClassificationViewController.swift */ = {isa = PBXFileReference; lastKnownFileType = sourcecode.swift; path = ImageClassificationViewController.swift; sourceTree = "<group>"; };
		11063F661EC0EECC0033EE6D /* Base */ = {isa = PBXFileReference; lastKnownFileType = file.storyboard; name = Base; path = Base.lproj/Main.storyboard; sourceTree = "<group>"; };
		11063F681EC0EECC0033EE6D /* Assets.xcassets */ = {isa = PBXFileReference; lastKnownFileType = folder.assetcatalog; path = Assets.xcassets; sourceTree = "<group>"; };
		11063F6D1EC0EECC0033EE6D /* Info.plist */ = {isa = PBXFileReference; lastKnownFileType = text.plist.xml; path = Info.plist; sourceTree = "<group>"; };
		11063F731EC0F5270033EE6D /* CGImagePropertyOrientation+UIImageOrientation.swift */ = {isa = PBXFileReference; lastKnownFileType = sourcecode.swift; path = "CGImagePropertyOrientation+UIImageOrientation.swift"; sourceTree = "<group>"; };
		113695D71EC1151400CA6C43 /* Base */ = {isa = PBXFileReference; lastKnownFileType = file.storyboard; name = Base; path = Base.lproj/LaunchScreen.storyboard; sourceTree = "<group>"; };
		3B889290245CB92C006C2D1D /* NutritionViewController.swift */ = {isa = PBXFileReference; lastKnownFileType = sourcecode.swift; path = NutritionViewController.swift; sourceTree = "<group>"; };
		3B889292245CB941006C2D1D /* NutritionCell.swift */ = {isa = PBXFileReference; lastKnownFileType = sourcecode.swift; path = NutritionCell.swift; sourceTree = "<group>"; };
		3B889294245CB954006C2D1D /* CookViewController.swift */ = {isa = PBXFileReference; lastKnownFileType = sourcecode.swift; path = CookViewController.swift; sourceTree = "<group>"; };
		3B889296245CB965006C2D1D /* CookCell.swift */ = {isa = PBXFileReference; lastKnownFileType = sourcecode.swift; path = CookCell.swift; sourceTree = "<group>"; };
		3B8DA938245C98EE00AA9E6B /* IngredientsTableViewController.swift */ = {isa = PBXFileReference; lastKnownFileType = sourcecode.swift; path = IngredientsTableViewController.swift; sourceTree = "<group>"; };
		3B8DA93A245C9B5C00AA9E6B /* IngredientsCell.swift */ = {isa = PBXFileReference; lastKnownFileType = sourcecode.swift; path = IngredientsCell.swift; sourceTree = "<group>"; };
		3B922ABE245AA28200698495 /* SignUpViewController.swift */ = {isa = PBXFileReference; lastKnownFileType = sourcecode.swift; path = SignUpViewController.swift; sourceTree = "<group>"; };
		3B922AC0245AA29700698495 /* LoginViewController.swift */ = {isa = PBXFileReference; lastKnownFileType = sourcecode.swift; path = LoginViewController.swift; sourceTree = "<group>"; };
		3B922AC2245AA6E100698495 /* MealGridViewController.swift */ = {isa = PBXFileReference; lastKnownFileType = sourcecode.swift; path = MealGridViewController.swift; sourceTree = "<group>"; };
		3B922AC4245AA96D00698495 /* MealViewCell.swift */ = {isa = PBXFileReference; lastKnownFileType = sourcecode.swift; path = MealViewCell.swift; sourceTree = "<group>"; };
		7EEC257D9F6FBCF1F8002CBD /* Pods-Vision+ML Example.debug.xcconfig */ = {isa = PBXFileReference; includeInIndex = 1; lastKnownFileType = text.xcconfig; name = "Pods-Vision+ML Example.debug.xcconfig"; path = "Target Support Files/Pods-Vision+ML Example/Pods-Vision+ML Example.debug.xcconfig"; sourceTree = "<group>"; };
		A67A4EB000C01BD7153F8276 /* Pods_Vision_ML_Example.framework */ = {isa = PBXFileReference; explicitFileType = wrapper.framework; includeInIndex = 0; path = Pods_Vision_ML_Example.framework; sourceTree = BUILT_PRODUCTS_DIR; };
		A9558E70A9563BA000000001 /* SampleCode.xcconfig */ = {isa = PBXFileReference; lastKnownFileType = text.xcconfig; name = SampleCode.xcconfig; path = Configuration/SampleCode.xcconfig; sourceTree = "<group>"; };
		A9666960A9666AD000000001 /* LICENSE.txt */ = {isa = PBXFileReference; includeInIndex = 1; lastKnownFileType = text; path = LICENSE.txt; sourceTree = "<group>"; };
		C858E5CC1ECA99CC006C5CAA /* README.md */ = {isa = PBXFileReference; lastKnownFileType = net.daringfireball.markdown; path = README.md; sourceTree = "<group>"; };
		C89947D91F4639A8005C0A19 /* MobileNet.mlmodel */ = {isa = PBXFileReference; lastKnownFileType = file.mlmodel; name = MobileNet.mlmodel; path = Model/MobileNet.mlmodel; sourceTree = "<group>"; };
/* End PBXFileReference section */

/* Begin PBXFrameworksBuildPhase section */
		11063F5B1EC0EECC0033EE6D /* Frameworks */ = {
			isa = PBXFrameworksBuildPhase;
			buildActionMask = 2147483647;
			files = (
				3E39FB68FA7CEAF149263F33 /* Pods_Vision_ML_Example.framework in Frameworks */,
			);
			runOnlyForDeploymentPostprocessing = 0;
		};
/* End PBXFrameworksBuildPhase section */

/* Begin PBXGroup section */
		0F45C6F21865E6546822972B /* Pods */ = {
			isa = PBXGroup;
			children = (
				7EEC257D9F6FBCF1F8002CBD /* Pods-Vision+ML Example.debug.xcconfig */,
				10D674F5D695B4AC58A5150F /* Pods-Vision+ML Example.release.xcconfig */,
			);
			path = Pods;
			sourceTree = "<group>";
		};
		11063F551EC0EECC0033EE6D = {
			isa = PBXGroup;
			children = (
				C858E5CC1ECA99CC006C5CAA /* README.md */,
				11063F601EC0EECC0033EE6D /* Vision+ML Example */,
				11063F5F1EC0EECC0033EE6D /* Products */,
				A9563AD0A9557D1000000001 /* Configuration */,
				A96664E0A96664B000000001 /* LICENSE */,
				0F45C6F21865E6546822972B /* Pods */,
				392670916117AB3E7834C271 /* Frameworks */,
			);
			sourceTree = "<group>";
		};
		11063F5F1EC0EECC0033EE6D /* Products */ = {
			isa = PBXGroup;
			children = (
				11063F5E1EC0EECC0033EE6D /* Vision+ML Example.app */,
			);
			name = Products;
			sourceTree = "<group>";
		};
		11063F601EC0EECC0033EE6D /* Vision+ML Example */ = {
			isa = PBXGroup;
			children = (
				11063F611EC0EECC0033EE6D /* AppDelegate.swift */,
				11063F631EC0EECC0033EE6D /* ImageClassificationViewController.swift */,
				11063F731EC0F5270033EE6D /* CGImagePropertyOrientation+UIImageOrientation.swift */,
				C89947D91F4639A8005C0A19 /* MobileNet.mlmodel */,
				11063F651EC0EECC0033EE6D /* Main.storyboard */,
				3B889290245CB92C006C2D1D /* NutritionViewController.swift */,
				3B889292245CB941006C2D1D /* NutritionCell.swift */,
				3B889294245CB954006C2D1D /* CookViewController.swift */,
				3B889296245CB965006C2D1D /* CookCell.swift */,
				3B8DA93A245C9B5C00AA9E6B /* IngredientsCell.swift */,
				3B922AC2245AA6E100698495 /* MealGridViewController.swift */,
				3B922ABE245AA28200698495 /* SignUpViewController.swift */,
				3B922AC0245AA29700698495 /* LoginViewController.swift */,
				3B8DA938245C98EE00AA9E6B /* IngredientsTableViewController.swift */,
				3B922AC4245AA96D00698495 /* MealViewCell.swift */,
				C82A1C951F1809F5005996F6 /* Supporting Files */,
			);
			path = "Vision+ML Example";
			sourceTree = "<group>";
		};
		392670916117AB3E7834C271 /* Frameworks */ = {
			isa = PBXGroup;
			children = (
				A67A4EB000C01BD7153F8276 /* Pods_Vision_ML_Example.framework */,
			);
			name = Frameworks;
			sourceTree = "<group>";
		};
		A9563AD0A9557D1000000001 /* Configuration */ = {
			isa = PBXGroup;
			children = (
				A9558E70A9563BA000000001 /* SampleCode.xcconfig */,
			);
			name = Configuration;
			sourceTree = "<group>";
		};
		A96664E0A96664B000000001 /* LICENSE */ = {
			isa = PBXGroup;
			children = (
				A9666960A9666AD000000001 /* LICENSE.txt */,
			);
			path = LICENSE;
			sourceTree = "<group>";
		};
		C82A1C951F1809F5005996F6 /* Supporting Files */ = {
			isa = PBXGroup;
			children = (
				11063F681EC0EECC0033EE6D /* Assets.xcassets */,
				11063F6D1EC0EECC0033EE6D /* Info.plist */,
				113695D61EC1151400CA6C43 /* LaunchScreen.storyboard */,
			);
			path = "Supporting Files";
			sourceTree = "<group>";
		};
/* End PBXGroup section */

/* Begin PBXNativeTarget section */
		11063F5D1EC0EECC0033EE6D /* Vision+ML Example */ = {
			isa = PBXNativeTarget;
			buildConfigurationList = 11063F701EC0EECC0033EE6D /* Build configuration list for PBXNativeTarget "Vision+ML Example" */;
			buildPhases = (
				CBE1A9D68CC5E005255B58AA /* [CP] Check Pods Manifest.lock */,
				11063F5A1EC0EECC0033EE6D /* Sources */,
				11063F5B1EC0EECC0033EE6D /* Frameworks */,
				11063F5C1EC0EECC0033EE6D /* Resources */,
				12BAE1C9DEAD649B2BA87DE2 /* [CP] Embed Pods Frameworks */,
			);
			buildRules = (
			);
			dependencies = (
			);
			name = "Vision+ML Example";
			productName = "Vision+ML Example";
			productReference = 11063F5E1EC0EECC0033EE6D /* Vision+ML Example.app */;
			productType = "com.apple.product-type.application";
		};
/* End PBXNativeTarget section */

/* Begin PBXProject section */
		11063F561EC0EECC0033EE6D /* Project object */ = {
			isa = PBXProject;
			attributes = {
				LastSwiftUpdateCheck = 0900;
				LastUpgradeCheck = 0900;
				ORGANIZATIONNAME = Apple;
				TargetAttributes = {
					11063F5D1EC0EECC0033EE6D = {
						CreatedOnToolsVersion = 9.0;
					};
				};
			};
			buildConfigurationList = 11063F591EC0EECC0033EE6D /* Build configuration list for PBXProject "Vision+ML Example" */;
			compatibilityVersion = "Xcode 8.0";
			developmentRegion = en;
			hasScannedForEncodings = 0;
			knownRegions = (
				en,
				Base,
			);
			mainGroup = 11063F551EC0EECC0033EE6D;
			productRefGroup = 11063F5F1EC0EECC0033EE6D /* Products */;
			projectDirPath = "";
			projectRoot = "";
			targets = (
				11063F5D1EC0EECC0033EE6D /* Vision+ML Example */,
			);
		};
/* End PBXProject section */

/* Begin PBXResourcesBuildPhase section */
		11063F5C1EC0EECC0033EE6D /* Resources */ = {
			isa = PBXResourcesBuildPhase;
			buildActionMask = 2147483647;
			files = (
				113695D81EC1151400CA6C43 /* LaunchScreen.storyboard in Resources */,
				11063F691EC0EECC0033EE6D /* Assets.xcassets in Resources */,
				11063F671EC0EECC0033EE6D /* Main.storyboard in Resources */,
			);
			runOnlyForDeploymentPostprocessing = 0;
		};
/* End PBXResourcesBuildPhase section */

/* Begin PBXShellScriptBuildPhase section */
		12BAE1C9DEAD649B2BA87DE2 /* [CP] Embed Pods Frameworks */ = {
			isa = PBXShellScriptBuildPhase;
			buildActionMask = 2147483647;
			files = (
			);
			inputPaths = (
				"${PODS_ROOT}/Target Support Files/Pods-Vision+ML Example/Pods-Vision+ML Example-frameworks.sh",
				"${BUILT_PRODUCTS_DIR}/Alamofire/Alamofire.framework",
				"${BUILT_PRODUCTS_DIR}/AlamofireImage/AlamofireImage.framework",
				"${BUILT_PRODUCTS_DIR}/Bolts/Bolts.framework",
				"${BUILT_PRODUCTS_DIR}/Parse/Parse.framework",
			);
			name = "[CP] Embed Pods Frameworks";
			outputPaths = (
				"${TARGET_BUILD_DIR}/${FRAMEWORKS_FOLDER_PATH}/Alamofire.framework",
				"${TARGET_BUILD_DIR}/${FRAMEWORKS_FOLDER_PATH}/AlamofireImage.framework",
				"${TARGET_BUILD_DIR}/${FRAMEWORKS_FOLDER_PATH}/Bolts.framework",
				"${TARGET_BUILD_DIR}/${FRAMEWORKS_FOLDER_PATH}/Parse.framework",
			);
			runOnlyForDeploymentPostprocessing = 0;
			shellPath = /bin/sh;
			shellScript = "\"${PODS_ROOT}/Target Support Files/Pods-Vision+ML Example/Pods-Vision+ML Example-frameworks.sh\"\n";
			showEnvVarsInLog = 0;
		};
		CBE1A9D68CC5E005255B58AA /* [CP] Check Pods Manifest.lock */ = {
			isa = PBXShellScriptBuildPhase;
			buildActionMask = 2147483647;
			files = (
			);
			inputFileListPaths = (
			);
			inputPaths = (
				"${PODS_PODFILE_DIR_PATH}/Podfile.lock",
				"${PODS_ROOT}/Manifest.lock",
			);
			name = "[CP] Check Pods Manifest.lock";
			outputFileListPaths = (
			);
			outputPaths = (
				"$(DERIVED_FILE_DIR)/Pods-Vision+ML Example-checkManifestLockResult.txt",
			);
			runOnlyForDeploymentPostprocessing = 0;
			shellPath = /bin/sh;
			shellScript = "diff \"${PODS_PODFILE_DIR_PATH}/Podfile.lock\" \"${PODS_ROOT}/Manifest.lock\" > /dev/null\nif [ $? != 0 ] ; then\n    # print error to STDERR\n    echo \"error: The sandbox is not in sync with the Podfile.lock. Run 'pod install' or update your CocoaPods installation.\" >&2\n    exit 1\nfi\n# This output is used by Xcode 'outputs' to avoid re-running this script phase.\necho \"SUCCESS\" > \"${SCRIPT_OUTPUT_FILE_0}\"\n";
			showEnvVarsInLog = 0;
		};
/* End PBXShellScriptBuildPhase section */

/* Begin PBXSourcesBuildPhase section */
		11063F5A1EC0EECC0033EE6D /* Sources */ = {
			isa = PBXSourcesBuildPhase;
			buildActionMask = 2147483647;
			files = (
				3B889291245CB92C006C2D1D /* NutritionViewController.swift in Sources */,
				3B922AC1245AA29700698495 /* LoginViewController.swift in Sources */,
				3B889293245CB941006C2D1D /* NutritionCell.swift in Sources */,
				3B889297245CB965006C2D1D /* CookCell.swift in Sources */,
				3B889295245CB954006C2D1D /* CookViewController.swift in Sources */,
				3B8DA939245C98EE00AA9E6B /* IngredientsTableViewController.swift in Sources */,
				3B8DA93B245C9B5C00AA9E6B /* IngredientsCell.swift in Sources */,
				C89947DA1F4639D6005C0A19 /* MobileNet.mlmodel in Sources */,
				11063F741EC0F5270033EE6D /* CGImagePropertyOrientation+UIImageOrientation.swift in Sources */,
				11063F641EC0EECC0033EE6D /* ImageClassificationViewController.swift in Sources */,
				3B922AC3245AA6E100698495 /* MealGridViewController.swift in Sources */,
				11063F621EC0EECC0033EE6D /* AppDelegate.swift in Sources */,
				3B922ABF245AA28200698495 /* SignUpViewController.swift in Sources */,
				3B922AC5245AA96D00698495 /* MealViewCell.swift in Sources */,
			);
			runOnlyForDeploymentPostprocessing = 0;
		};
/* End PBXSourcesBuildPhase section */

/* Begin PBXVariantGroup section */
		11063F651EC0EECC0033EE6D /* Main.storyboard */ = {
			isa = PBXVariantGroup;
			children = (
				11063F661EC0EECC0033EE6D /* Base */,
			);
			name = Main.storyboard;
			sourceTree = "<group>";
		};
		113695D61EC1151400CA6C43 /* LaunchScreen.storyboard */ = {
			isa = PBXVariantGroup;
			children = (
				113695D71EC1151400CA6C43 /* Base */,
			);
			name = LaunchScreen.storyboard;
			path = ..;
			sourceTree = "<group>";
		};
/* End PBXVariantGroup section */

/* Begin XCBuildConfiguration section */
		11063F6E1EC0EECC0033EE6D /* Debug */ = {
			isa = XCBuildConfiguration;
			buildSettings = {
				ALWAYS_SEARCH_USER_PATHS = NO;
				CLANG_ANALYZER_NONNULL = YES;
				CLANG_ANALYZER_NUMBER_OBJECT_CONVERSION = YES_AGGRESSIVE;
				CLANG_CXX_LANGUAGE_STANDARD = "gnu++14";
				CLANG_CXX_LIBRARY = "libc++";
				CLANG_ENABLE_MODULES = YES;
				CLANG_ENABLE_OBJC_ARC = YES;
				CLANG_WARN_BLOCK_CAPTURE_AUTORELEASING = YES;
				CLANG_WARN_BOOL_CONVERSION = YES;
				CLANG_WARN_COMMA = YES;
				CLANG_WARN_CONSTANT_CONVERSION = YES;
				CLANG_WARN_DIRECT_OBJC_ISA_USAGE = YES_ERROR;
				CLANG_WARN_DOCUMENTATION_COMMENTS = YES;
				CLANG_WARN_EMPTY_BODY = YES;
				CLANG_WARN_ENUM_CONVERSION = YES;
				CLANG_WARN_INFINITE_RECURSION = YES;
				CLANG_WARN_INT_CONVERSION = YES;
				CLANG_WARN_NON_LITERAL_NULL_CONVERSION = YES;
				CLANG_WARN_OBJC_LITERAL_CONVERSION = YES;
				CLANG_WARN_OBJC_ROOT_CLASS = YES_ERROR;
				CLANG_WARN_RANGE_LOOP_ANALYSIS = YES;
				CLANG_WARN_STRICT_PROTOTYPES = YES;
				CLANG_WARN_SUSPICIOUS_MOVE = YES;
				CLANG_WARN_UNGUARDED_AVAILABILITY = YES;
				CLANG_WARN_UNREACHABLE_CODE = YES;
				CLANG_WARN__DUPLICATE_METHOD_MATCH = YES;
				CODE_SIGN_IDENTITY = "iPhone Developer";
				COPY_PHASE_STRIP = NO;
				DEBUG_INFORMATION_FORMAT = dwarf;
				ENABLE_STRICT_OBJC_MSGSEND = YES;
				ENABLE_TESTABILITY = YES;
				GCC_C_LANGUAGE_STANDARD = gnu11;
				GCC_DYNAMIC_NO_PIC = NO;
				GCC_NO_COMMON_BLOCKS = YES;
				GCC_OPTIMIZATION_LEVEL = 0;
				GCC_PREPROCESSOR_DEFINITIONS = (
					"DEBUG=1",
					"$(inherited)",
				);
				GCC_WARN_64_TO_32_BIT_CONVERSION = YES;
				GCC_WARN_ABOUT_RETURN_TYPE = YES_ERROR;
				GCC_WARN_UNDECLARED_SELECTOR = YES;
				GCC_WARN_UNINITIALIZED_AUTOS = YES_AGGRESSIVE;
				GCC_WARN_UNUSED_FUNCTION = YES;
				GCC_WARN_UNUSED_VARIABLE = YES;
				IPHONEOS_DEPLOYMENT_TARGET = 11.0;
				MTL_ENABLE_DEBUG_INFO = YES;
				ONLY_ACTIVE_ARCH = YES;
				SDKROOT = iphoneos;
				SWIFT_ACTIVE_COMPILATION_CONDITIONS = DEBUG;
				SWIFT_OPTIMIZATION_LEVEL = "-Onone";
				SWIFT_VERSION = 3.0;
			};
			name = Debug;
		};
		11063F6F1EC0EECC0033EE6D /* Release */ = {
			isa = XCBuildConfiguration;
			buildSettings = {
				ALWAYS_SEARCH_USER_PATHS = NO;
				CLANG_ANALYZER_NONNULL = YES;
				CLANG_ANALYZER_NUMBER_OBJECT_CONVERSION = YES_AGGRESSIVE;
				CLANG_CXX_LANGUAGE_STANDARD = "gnu++14";
				CLANG_CXX_LIBRARY = "libc++";
				CLANG_ENABLE_MODULES = YES;
				CLANG_ENABLE_OBJC_ARC = YES;
				CLANG_WARN_BLOCK_CAPTURE_AUTORELEASING = YES;
				CLANG_WARN_BOOL_CONVERSION = YES;
				CLANG_WARN_COMMA = YES;
				CLANG_WARN_CONSTANT_CONVERSION = YES;
				CLANG_WARN_DIRECT_OBJC_ISA_USAGE = YES_ERROR;
				CLANG_WARN_DOCUMENTATION_COMMENTS = YES;
				CLANG_WARN_EMPTY_BODY = YES;
				CLANG_WARN_ENUM_CONVERSION = YES;
				CLANG_WARN_INFINITE_RECURSION = YES;
				CLANG_WARN_INT_CONVERSION = YES;
				CLANG_WARN_NON_LITERAL_NULL_CONVERSION = YES;
				CLANG_WARN_OBJC_LITERAL_CONVERSION = YES;
				CLANG_WARN_OBJC_ROOT_CLASS = YES_ERROR;
				CLANG_WARN_RANGE_LOOP_ANALYSIS = YES;
				CLANG_WARN_STRICT_PROTOTYPES = YES;
				CLANG_WARN_SUSPICIOUS_MOVE = YES;
				CLANG_WARN_UNGUARDED_AVAILABILITY = YES;
				CLANG_WARN_UNREACHABLE_CODE = YES;
				CLANG_WARN__DUPLICATE_METHOD_MATCH = YES;
				CODE_SIGN_IDENTITY = "iPhone Developer";
				COPY_PHASE_STRIP = NO;
				DEBUG_INFORMATION_FORMAT = "dwarf-with-dsym";
				ENABLE_NS_ASSERTIONS = NO;
				ENABLE_STRICT_OBJC_MSGSEND = YES;
				GCC_C_LANGUAGE_STANDARD = gnu11;
				GCC_NO_COMMON_BLOCKS = YES;
				GCC_WARN_64_TO_32_BIT_CONVERSION = YES;
				GCC_WARN_ABOUT_RETURN_TYPE = YES_ERROR;
				GCC_WARN_UNDECLARED_SELECTOR = YES;
				GCC_WARN_UNINITIALIZED_AUTOS = YES_AGGRESSIVE;
				GCC_WARN_UNUSED_FUNCTION = YES;
				GCC_WARN_UNUSED_VARIABLE = YES;
				IPHONEOS_DEPLOYMENT_TARGET = 11.0;
				MTL_ENABLE_DEBUG_INFO = NO;
				SDKROOT = iphoneos;
				SWIFT_OPTIMIZATION_LEVEL = "-Owholemodule";
				SWIFT_VERSION = 3.0;
				VALIDATE_PRODUCT = YES;
			};
			name = Release;
		};
		11063F711EC0EECC0033EE6D /* Debug */ = {
			isa = XCBuildConfiguration;
			baseConfigurationReference = 7EEC257D9F6FBCF1F8002CBD /* Pods-Vision+ML Example.debug.xcconfig */;
			buildSettings = {
				ASSETCATALOG_COMPILER_APPICON_NAME = AppIcon;
				COREML_CODEGEN_LANGUAGE = Swift;
				DEVELOPMENT_TEAM = 2VVAQRK4HU;
				INFOPLIST_FILE = "Vision+ML Example/Supporting Files/Info.plist";
				LD_RUNPATH_SEARCH_PATHS = "$(inherited) @executable_path/Frameworks";
				PRODUCT_BUNDLE_IDENTIFIER = "com.Ayo-2";
				PRODUCT_NAME = "$(TARGET_NAME)";
				PROVISIONING_PROFILE_SPECIFIER = "";
				SWIFT_VERSION = 4.0;
				TARGETED_DEVICE_FAMILY = "1,2";
			};
			name = Debug;
		};
		11063F721EC0EECC0033EE6D /* Release */ = {
			isa = XCBuildConfiguration;
			baseConfigurationReference = 10D674F5D695B4AC58A5150F /* Pods-Vision+ML Example.release.xcconfig */;
			buildSettings = {
				ASSETCATALOG_COMPILER_APPICON_NAME = AppIcon;
				COREML_CODEGEN_LANGUAGE = Swift;
				DEVELOPMENT_TEAM = 2VVAQRK4HU;
				INFOPLIST_FILE = "Vision+ML Example/Supporting Files/Info.plist";
				LD_RUNPATH_SEARCH_PATHS = "$(inherited) @executable_path/Frameworks";
				PRODUCT_BUNDLE_IDENTIFIER = "com.Ayo-2";
				PRODUCT_NAME = "$(TARGET_NAME)";
				PROVISIONING_PROFILE_SPECIFIER = "";
				SWIFT_VERSION = 4.0;
				TARGETED_DEVICE_FAMILY = "1,2";
			};
			name = Release;
		};
/* End XCBuildConfiguration section */

/* Begin XCConfigurationList section */
		11063F591EC0EECC0033EE6D /* Build configuration list for PBXProject "Vision+ML Example" */ = {
			isa = XCConfigurationList;
			buildConfigurations = (
				11063F6E1EC0EECC0033EE6D /* Debug */,
				11063F6F1EC0EECC0033EE6D /* Release */,
			);
			defaultConfigurationIsVisible = 0;
			defaultConfigurationName = Release;
		};
		11063F701EC0EECC0033EE6D /* Build configuration list for PBXNativeTarget "Vision+ML Example" */ = {
			isa = XCConfigurationList;
			buildConfigurations = (
				11063F711EC0EECC0033EE6D /* Debug */,
				11063F721EC0EECC0033EE6D /* Release */,
			);
			defaultConfigurationIsVisible = 0;
			defaultConfigurationName = Release;
		};
/* End XCConfigurationList section */
	};
	rootObject = 11063F561EC0EECC0033EE6D /* Project object */;
}
